// !$*UTF8*$!
{
	archiveVersion = 1;
	classes = {
	};
	objectVersion = 77;
	objects = {

/* Begin PBXContainerItemProxy section */
		5FBAF30F2E8E4C060022C5DC /* PBXContainerItemProxy */ = {
			isa = PBXContainerItemProxy;
			containerPortal = 5FBAF2F62E8E4C040022C5DC /* Project object */;
			proxyType = 1;
			remoteGlobalIDString = 5FBAF2FD2E8E4C040022C5DC;
			remoteInfo = Glowly;
		};
		5FBAF3192E8E4C060022C5DC /* PBXContainerItemProxy */ = {
			isa = PBXContainerItemProxy;
			containerPortal = 5FBAF2F62E8E4C040022C5DC /* Project object */;
			proxyType = 1;
			remoteGlobalIDString = 5FBAF2FD2E8E4C040022C5DC;
			remoteInfo = Glowly;
		};
/* End PBXContainerItemProxy section */

/* Begin PBXFileReference section */
		5FBAF2FE2E8E4C040022C5DC /* Glowly.app */ = {isa = PBXFileReference; explicitFileType = wrapper.application; includeInIndex = 0; path = Glowly.app; sourceTree = BUILT_PRODUCTS_DIR; };
		5FBAF30E2E8E4C060022C5DC /* GlowlyTests.xctest */ = {isa = PBXFileReference; explicitFileType = wrapper.cfbundle; includeInIndex = 0; path = GlowlyTests.xctest; sourceTree = BUILT_PRODUCTS_DIR; };
		5FBAF3182E8E4C060022C5DC /* GlowlyUITests.xctest */ = {isa = PBXFileReference; explicitFileType = wrapper.cfbundle; includeInIndex = 0; path = GlowlyUITests.xctest; sourceTree = BUILT_PRODUCTS_DIR; };
/* End PBXFileReference section */

/* Begin PBXFileSystemSynchronizedRootGroup section */
		5FBAF3002E8E4C040022C5DC /* Glowly */ = {
			isa = PBXFileSystemSynchronizedRootGroup;
			path = Glowly;
			sourceTree = "<group>";
		};
		5FBAF3112E8E4C060022C5DC /* GlowlyTests */ = {
			isa = PBXFileSystemSynchronizedRootGroup;
			path = GlowlyTests;
			sourceTree = "<group>";
		};
		5FBAF31B2E8E4C060022C5DC /* GlowlyUITests */ = {
			isa = PBXFileSystemSynchronizedRootGroup;
			path = GlowlyUITests;
			sourceTree = "<group>";
		};
/* End PBXFileSystemSynchronizedRootGroup section */

/* Begin PBXFrameworksBuildPhase section */
		5FBAF2FB2E8E4C040022C5DC /* Frameworks */ = {
			isa = PBXFrameworksBuildPhase;
			buildActionMask = 2147483647;
			files = (
			);
			runOnlyForDeploymentPostprocessing = 0;
		};
		5FBAF30B2E8E4C060022C5DC /* Frameworks */ = {
			isa = PBXFrameworksBuildPhase;
			buildActionMask = 2147483647;
			files = (
			);
			runOnlyForDeploymentPostprocessing = 0;
		};
		5FBAF3152E8E4C060022C5DC /* Frameworks */ = {
			isa = PBXFrameworksBuildPhase;
			buildActionMask = 2147483647;
			files = (
			);
			runOnlyForDeploymentPostprocessing = 0;
		};
/* End PBXFrameworksBuildPhase section */

/* Begin PBXGroup section */
		5FBAF2F52E8E4C040022C5DC = {
			isa = PBXGroup;
			children = (
				5FBAF3002E8E4C040022C5DC /* Glowly */,
				5FBAF3112E8E4C060022C5DC /* GlowlyTests */,
				5FBAF31B2E8E4C060022C5DC /* GlowlyUITests */,
				5FBAF2FF2E8E4C040022C5DC /* Products */,
			);
			sourceTree = "<group>";
		};
		5FBAF2FF2E8E4C040022C5DC /* Products */ = {
			isa = PBXGroup;
			children = (
				5FBAF2FE2E8E4C040022C5DC /* Glowly.app */,
				5FBAF30E2E8E4C060022C5DC /* GlowlyTests.xctest */,
				5FBAF3182E8E4C060022C5DC /* GlowlyUITests.xctest */,
			);
			name = Products;
			sourceTree = "<group>";
		};
/* End PBXGroup section */

/* Begin PBXNativeTarget section */
		5FBAF2FD2E8E4C040022C5DC /* Glowly */ = {
			isa = PBXNativeTarget;
			buildConfigurationList = 5FBAF3222E8E4C060022C5DC /* Build configuration list for PBXNativeTarget "Glowly" */;
			buildPhases = (
				5FBAF2FA2E8E4C040022C5DC /* Sources */,
				5FBAF2FB2E8E4C040022C5DC /* Frameworks */,
				5FBAF2FC2E8E4C040022C5DC /* Resources */,
			);
			buildRules = (
			);
			dependencies = (
			);
			fileSystemSynchronizedGroups = (
				5FBAF3002E8E4C040022C5DC /* Glowly */,
			);
			name = Glowly;
			packageProductDependencies = (
			);
			productName = Glowly;
			productReference = 5FBAF2FE2E8E4C040022C5DC /* Glowly.app */;
			productType = "com.apple.product-type.application";
		};
		5FBAF30D2E8E4C060022C5DC /* GlowlyTests */ = {
			isa = PBXNativeTarget;
			buildConfigurationList = 5FBAF3252E8E4C060022C5DC /* Build configuration list for PBXNativeTarget "GlowlyTests" */;
			buildPhases = (
				5FBAF30A2E8E4C060022C5DC /* Sources */,
				5FBAF30B2E8E4C060022C5DC /* Frameworks */,
				5FBAF30C2E8E4C060022C5DC /* Resources */,
			);
			buildRules = (
			);
			dependencies = (
				5FBAF3102E8E4C060022C5DC /* PBXTargetDependency */,
			);
			fileSystemSynchronizedGroups = (
				5FBAF3112E8E4C060022C5DC /* GlowlyTests */,
			);
			name = GlowlyTests;
			packageProductDependencies = (
			);
			productName = GlowlyTests;
			productReference = 5FBAF30E2E8E4C060022C5DC /* GlowlyTests.xctest */;
			productType = "com.apple.product-type.bundle.unit-test";
		};
		5FBAF3172E8E4C060022C5DC /* GlowlyUITests */ = {
			isa = PBXNativeTarget;
			buildConfigurationList = 5FBAF3282E8E4C060022C5DC /* Build configuration list for PBXNativeTarget "GlowlyUITests" */;
			buildPhases = (
				5FBAF3142E8E4C060022C5DC /* Sources */,
				5FBAF3152E8E4C060022C5DC /* Frameworks */,
				5FBAF3162E8E4C060022C5DC /* Resources */,
			);
			buildRules = (
			);
			dependencies = (
				5FBAF31A2E8E4C060022C5DC /* PBXTargetDependency */,
			);
			fileSystemSynchronizedGroups = (
				5FBAF31B2E8E4C060022C5DC /* GlowlyUITests */,
			);
			name = GlowlyUITests;
			packageProductDependencies = (
			);
			productName = GlowlyUITests;
			productReference = 5FBAF3182E8E4C060022C5DC /* GlowlyUITests.xctest */;
			productType = "com.apple.product-type.bundle.ui-testing";
		};
/* End PBXNativeTarget section */

/* Begin PBXProject section */
		5FBAF2F62E8E4C040022C5DC /* Project object */ = {
			isa = PBXProject;
			attributes = {
				BuildIndependentTargetsInParallel = 1;
				LastSwiftUpdateCheck = 1620;
				LastUpgradeCheck = 1620;
				TargetAttributes = {
					5FBAF2FD2E8E4C040022C5DC = {
						CreatedOnToolsVersion = 16.2;
					};
					5FBAF30D2E8E4C060022C5DC = {
						CreatedOnToolsVersion = 16.2;
						TestTargetID = 5FBAF2FD2E8E4C040022C5DC;
					};
					5FBAF3172E8E4C060022C5DC = {
						CreatedOnToolsVersion = 16.2;
						TestTargetID = 5FBAF2FD2E8E4C040022C5DC;
					};
				};
			};
			buildConfigurationList = 5FBAF2F92E8E4C040022C5DC /* Build configuration list for PBXProject "Glowly" */;
			developmentRegion = en;
			hasScannedForEncodings = 0;
			knownRegions = (
				en,
				Base,
			);
			mainGroup = 5FBAF2F52E8E4C040022C5DC;
			minimizedProjectReferenceProxies = 1;
			preferredProjectObjectVersion = 77;
			productRefGroup = 5FBAF2FF2E8E4C040022C5DC /* Products */;
			projectDirPath = "";
			projectRoot = "";
			targets = (
				5FBAF2FD2E8E4C040022C5DC /* Glowly */,
				5FBAF30D2E8E4C060022C5DC /* GlowlyTests */,
				5FBAF3172E8E4C060022C5DC /* GlowlyUITests */,
			);
		};
/* End PBXProject section */

/* Begin PBXResourcesBuildPhase section */
		5FBAF2FC2E8E4C040022C5DC /* Resources */ = {
			isa = PBXResourcesBuildPhase;
			buildActionMask = 2147483647;
			files = (
			);
			runOnlyForDeploymentPostprocessing = 0;
		};
		5FBAF30C2E8E4C060022C5DC /* Resources */ = {
			isa = PBXResourcesBuildPhase;
			buildActionMask = 2147483647;
			files = (
			);
			runOnlyForDeploymentPostprocessing = 0;
		};
		5FBAF3162E8E4C060022C5DC /* Resources */ = {
			isa = PBXResourcesBuildPhase;
			buildActionMask = 2147483647;
			files = (
			);
			runOnlyForDeploymentPostprocessing = 0;
		};
/* End PBXResourcesBuildPhase section */

/* Begin PBXSourcesBuildPhase section */
		5FBAF2FA2E8E4C040022C5DC /* Sources */ = {
			isa = PBXSourcesBuildPhase;
			buildActionMask = 2147483647;
			files = (
			);
			runOnlyForDeploymentPostprocessing = 0;
		};
		5FBAF30A2E8E4C060022C5DC /* Sources */ = {
			isa = PBXSourcesBuildPhase;
			buildActionMask = 2147483647;
			files = (
			);
			runOnlyForDeploymentPostprocessing = 0;
		};
		5FBAF3142E8E4C060022C5DC /* Sources */ = {
			isa = PBXSourcesBuildPhase;
			buildActionMask = 2147483647;
			files = (
			);
			runOnlyForDeploymentPostprocessing = 0;
		};
/* End PBXSourcesBuildPhase section */

/* Begin PBXTargetDependency section */
		5FBAF3102E8E4C060022C5DC /* PBXTargetDependency */ = {
			isa = PBXTargetDependency;
			target = 5FBAF2FD2E8E4C040022C5DC /* Glowly */;
			targetProxy = 5FBAF30F2E8E4C060022C5DC /* PBXContainerItemProxy */;
		};
		5FBAF31A2E8E4C060022C5DC /* PBXTargetDependency */ = {
			isa = PBXTargetDependency;
			target = 5FBAF2FD2E8E4C040022C5DC /* Glowly */;
			targetProxy = 5FBAF3192E8E4C060022C5DC /* PBXContainerItemProxy */;
		};
/* End PBXTargetDependency section */

/* Begin XCBuildConfiguration section */
		5FBAF3202E8E4C060022C5DC /* Debug */ = {
			isa = XCBuildConfiguration;
			buildSettings = {
				ALWAYS_SEARCH_USER_PATHS = NO;
				ASSETCATALOG_COMPILER_GENERATE_SWIFT_ASSET_SYMBOL_EXTENSIONS = YES;
				CLANG_ANALYZER_NONNULL = YES;
				CLANG_ANALYZER_NUMBER_OBJECT_CONVERSION = YES_AGGRESSIVE;
				CLANG_CXX_LANGUAGE_STANDARD = "gnu++20";
				CLANG_ENABLE_MODULES = YES;
				CLANG_ENABLE_OBJC_ARC = YES;
				CLANG_ENABLE_OBJC_WEAK = YES;
				CLANG_WARN_BLOCK_CAPTURE_AUTORELEASING = YES;
				CLANG_WARN_BOOL_CONVERSION = YES;
				CLANG_WARN_COMMA = YES;
				CLANG_WARN_CONSTANT_CONVERSION = YES;
				CLANG_WARN_DEPRECATED_OBJC_IMPLEMENTATIONS = YES;
				CLANG_WARN_DIRECT_OBJC_ISA_USAGE = YES_ERROR;
				CLANG_WARN_DOCUMENTATION_COMMENTS = YES;
				CLANG_WARN_EMPTY_BODY = YES;
				CLANG_WARN_ENUM_CONVERSION = YES;
				CLANG_WARN_INFINITE_RECURSION = YES;
				CLANG_WARN_INT_CONVERSION = YES;
				CLANG_WARN_NON_LITERAL_NULL_CONVERSION = YES;
				CLANG_WARN_OBJC_IMPLICIT_RETAIN_SELF = YES;
				CLANG_WARN_OBJC_LITERAL_CONVERSION = YES;
				CLANG_WARN_OBJC_ROOT_CLASS = YES_ERROR;
				CLANG_WARN_QUOTED_INCLUDE_IN_FRAMEWORK_HEADER = YES;
				CLANG_WARN_RANGE_LOOP_ANALYSIS = YES;
				CLANG_WARN_STRICT_PROTOTYPES = YES;
				CLANG_WARN_SUSPICIOUS_MOVE = YES;
				CLANG_WARN_UNGUARDED_AVAILABILITY = YES_AGGRESSIVE;
				CLANG_WARN_UNREACHABLE_CODE = YES;
				CLANG_WARN__DUPLICATE_METHOD_MATCH = YES;
				COPY_PHASE_STRIP = NO;
				DEBUG_INFORMATION_FORMAT = dwarf;
				ENABLE_STRICT_OBJC_MSGSEND = YES;
				ENABLE_TESTABILITY = YES;
				ENABLE_USER_SCRIPT_SANDBOXING = YES;
				GCC_C_LANGUAGE_STANDARD = gnu17;
				GCC_DYNAMIC_NO_PIC = NO;
				GCC_NO_COMMON_BLOCKS = YES;
				GCC_OPTIMIZATION_LEVEL = 0;
				GCC_PREPROCESSOR_DEFINITIONS = (
					"DEBUG=1",
					"$(inherited)",
				);
				GCC_WARN_64_TO_32_BIT_CONVERSION = YES;
				GCC_WARN_ABOUT_RETURN_TYPE = YES_ERROR;
				GCC_WARN_UNDECLARED_SELECTOR = YES;
				GCC_WARN_UNINITIALIZED_AUTOS = YES_AGGRESSIVE;
				GCC_WARN_UNUSED_FUNCTION = YES;
				GCC_WARN_UNUSED_VARIABLE = YES;
				IPHONEOS_DEPLOYMENT_TARGET = 18.2;
				LOCALIZATION_PREFERS_STRING_CATALOGS = YES;
				MTL_ENABLE_DEBUG_INFO = INCLUDE_SOURCE;
				MTL_FAST_MATH = YES;
				ONLY_ACTIVE_ARCH = YES;
				SDKROOT = iphoneos;
				SWIFT_ACTIVE_COMPILATION_CONDITIONS = "DEBUG $(inherited)";
				SWIFT_OPTIMIZATION_LEVEL = "-Onone";
			};
			name = Debug;
		};
		5FBAF3212E8E4C060022C5DC /* Release */ = {
			isa = XCBuildConfiguration;
			buildSettings = {
				ALWAYS_SEARCH_USER_PATHS = NO;
				ASSETCATALOG_COMPILER_GENERATE_SWIFT_ASSET_SYMBOL_EXTENSIONS = YES;
				CLANG_ANALYZER_NONNULL = YES;
				CLANG_ANALYZER_NUMBER_OBJECT_CONVERSION = YES_AGGRESSIVE;
				CLANG_CXX_LANGUAGE_STANDARD = "gnu++20";
				CLANG_ENABLE_MODULES = YES;
				CLANG_ENABLE_OBJC_ARC = YES;
				CLANG_ENABLE_OBJC_WEAK = YES;
				CLANG_WARN_BLOCK_CAPTURE_AUTORELEASING = YES;
				CLANG_WARN_BOOL_CONVERSION = YES;
				CLANG_WARN_COMMA = YES;
				CLANG_WARN_CONSTANT_CONVERSION = YES;
				CLANG_WARN_DEPRECATED_OBJC_IMPLEMENTATIONS = YES;
				CLANG_WARN_DIRECT_OBJC_ISA_USAGE = YES_ERROR;
				CLANG_WARN_DOCUMENTATION_COMMENTS = YES;
				CLANG_WARN_EMPTY_BODY = YES;
				CLANG_WARN_ENUM_CONVERSION = YES;
				CLANG_WARN_INFINITE_RECURSION = YES;
				CLANG_WARN_INT_CONVERSION = YES;
				CLANG_WARN_NON_LITERAL_NULL_CONVERSION = YES;
				CLANG_WARN_OBJC_IMPLICIT_RETAIN_SELF = YES;
				CLANG_WARN_OBJC_LITERAL_CONVERSION = YES;
				CLANG_WARN_OBJC_ROOT_CLASS = YES_ERROR;
				CLANG_WARN_QUOTED_INCLUDE_IN_FRAMEWORK_HEADER = YES;
				CLANG_WARN_RANGE_LOOP_ANALYSIS = YES;
				CLANG_WARN_STRICT_PROTOTYPES = YES;
				CLANG_WARN_SUSPICIOUS_MOVE = YES;
				CLANG_WARN_UNGUARDED_AVAILABILITY = YES_AGGRESSIVE;
				CLANG_WARN_UNREACHABLE_CODE = YES;
				CLANG_WARN__DUPLICATE_METHOD_MATCH = YES;
				COPY_PHASE_STRIP = NO;
				DEBUG_INFORMATION_FORMAT = "dwarf-with-dsym";
				ENABLE_NS_ASSERTIONS = NO;
				ENABLE_STRICT_OBJC_MSGSEND = YES;
				ENABLE_USER_SCRIPT_SANDBOXING = YES;
				GCC_C_LANGUAGE_STANDARD = gnu17;
				GCC_NO_COMMON_BLOCKS = YES;
				GCC_WARN_64_TO_32_BIT_CONVERSION = YES;
				GCC_WARN_ABOUT_RETURN_TYPE = YES_ERROR;
				GCC_WARN_UNDECLARED_SELECTOR = YES;
				GCC_WARN_UNINITIALIZED_AUTOS = YES_AGGRESSIVE;
				GCC_WARN_UNUSED_FUNCTION = YES;
				GCC_WARN_UNUSED_VARIABLE = YES;
				IPHONEOS_DEPLOYMENT_TARGET = 18.2;
				LOCALIZATION_PREFERS_STRING_CATALOGS = YES;
				MTL_ENABLE_DEBUG_INFO = NO;
				MTL_FAST_MATH = YES;
				SDKROOT = iphoneos;
				SWIFT_COMPILATION_MODE = wholemodule;
				VALIDATE_PRODUCT = YES;
			};
			name = Release;
		};
		5FBAF3232E8E4C060022C5DC /* Debug */ = {
			isa = XCBuildConfiguration;
			buildSettings = {
				ASSETCATALOG_COMPILER_APPICON_NAME = AppIcon;
				ASSETCATALOG_COMPILER_GLOBAL_ACCENT_COLOR_NAME = AccentColor;
				CODE_SIGN_STYLE = Automatic;
				CURRENT_PROJECT_VERSION = 1;
				DEVELOPMENT_ASSET_PATHS = "\"Glowly/Preview Content\"";
				DEVELOPMENT_TEAM = 9DBY2CT4GF;
				ENABLE_PREVIEWS = YES;
				GENERATE_INFOPLIST_FILE = YES;
				INFOPLIST_KEY_UIApplicationSceneManifest_Generation = YES;
				INFOPLIST_KEY_UIApplicationSupportsIndirectInputEvents = YES;
				INFOPLIST_KEY_UILaunchScreen_Generation = YES;
				INFOPLIST_KEY_UISupportedInterfaceOrientations_iPad = "UIInterfaceOrientationPortrait UIInterfaceOrientationPortraitUpsideDown UIInterfaceOrientationLandscapeLeft UIInterfaceOrientationLandscapeRight";
				INFOPLIST_KEY_UISupportedInterfaceOrientations_iPhone = "UIInterfaceOrientationPortrait UIInterfaceOrientationLandscapeLeft UIInterfaceOrientationLandscapeRight";
				LD_RUNPATH_SEARCH_PATHS = (
					"$(inherited)",
					"@executable_path/Frameworks",
				);
				MARKETING_VERSION = 1.0;
				PRODUCT_BUNDLE_IDENTIFIER = "tamirlan-aubakirov.Glowly";
				PRODUCT_NAME = "$(TARGET_NAME)";
				SWIFT_EMIT_LOC_STRINGS = YES;
				SWIFT_VERSION = 5.0;
				TARGETED_DEVICE_FAMILY = "1,2";
			};
			name = Debug;
		};
		5FBAF3242E8E4C060022C5DC /* Release */ = {
			isa = XCBuildConfiguration;
			buildSettings = {
				ASSETCATALOG_COMPILER_APPICON_NAME = AppIcon;
				ASSETCATALOG_COMPILER_GLOBAL_ACCENT_COLOR_NAME = AccentColor;
				CODE_SIGN_STYLE = Automatic;
				CURRENT_PROJECT_VERSION = 1;
				DEVELOPMENT_ASSET_PATHS = "\"Glowly/Preview Content\"";
				DEVELOPMENT_TEAM = 9DBY2CT4GF;
				ENABLE_PREVIEWS = YES;
				GENERATE_INFOPLIST_FILE = YES;
				INFOPLIST_KEY_UIApplicationSceneManifest_Generation = YES;
				INFOPLIST_KEY_UIApplicationSupportsIndirectInputEvents = YES;
				INFOPLIST_KEY_UILaunchScreen_Generation = YES;
				INFOPLIST_KEY_UISupportedInterfaceOrientations_iPad = "UIInterfaceOrientationPortrait UIInterfaceOrientationPortraitUpsideDown UIInterfaceOrientationLandscapeLeft UIInterfaceOrientationLandscapeRight";
				INFOPLIST_KEY_UISupportedInterfaceOrientations_iPhone = "UIInterfaceOrientationPortrait UIInterfaceOrientationLandscapeLeft UIInterfaceOrientationLandscapeRight";
				LD_RUNPATH_SEARCH_PATHS = (
					"$(inherited)",
					"@executable_path/Frameworks",
				);
				MARKETING_VERSION = 1.0;
				PRODUCT_BUNDLE_IDENTIFIER = "tamirlan-aubakirov.Glowly";
				PRODUCT_NAME = "$(TARGET_NAME)";
				SWIFT_EMIT_LOC_STRINGS = YES;
				SWIFT_VERSION = 5.0;
				TARGETED_DEVICE_FAMILY = "1,2";
			};
			name = Release;
		};
		5FBAF3262E8E4C060022C5DC /* Debug */ = {
			isa = XCBuildConfiguration;
			buildSettings = {
				BUNDLE_LOADER = "$(TEST_HOST)";
				CODE_SIGN_STYLE = Automatic;
				CURRENT_PROJECT_VERSION = 1;
				DEVELOPMENT_TEAM = 9DBY2CT4GF;
				GENERATE_INFOPLIST_FILE = YES;
				IPHONEOS_DEPLOYMENT_TARGET = 18.2;
				MARKETING_VERSION = 1.0;
				PRODUCT_BUNDLE_IDENTIFIER = "tamirlan-aubakirov.GlowlyTests";
				PRODUCT_NAME = "$(TARGET_NAME)";
				SWIFT_EMIT_LOC_STRINGS = NO;
				SWIFT_VERSION = 5.0;
				TARGETED_DEVICE_FAMILY = "1,2";
				TEST_HOST = "$(BUILT_PRODUCTS_DIR)/Glowly.app/$(BUNDLE_EXECUTABLE_FOLDER_PATH)/Glowly";
			};
			name = Debug;
		};
		5FBAF3272E8E4C060022C5DC /* Release */ = {
			isa = XCBuildConfiguration;
			buildSettings = {
				BUNDLE_LOADER = "$(TEST_HOST)";
				CODE_SIGN_STYLE = Automatic;
				CURRENT_PROJECT_VERSION = 1;
				DEVELOPMENT_TEAM = 9DBY2CT4GF;
				GENERATE_INFOPLIST_FILE = YES;
				IPHONEOS_DEPLOYMENT_TARGET = 18.2;
				MARKETING_VERSION = 1.0;
				PRODUCT_BUNDLE_IDENTIFIER = "tamirlan-aubakirov.GlowlyTests";
				PRODUCT_NAME = "$(TARGET_NAME)";
				SWIFT_EMIT_LOC_STRINGS = NO;
				SWIFT_VERSION = 5.0;
				TARGETED_DEVICE_FAMILY = "1,2";
				TEST_HOST = "$(BUILT_PRODUCTS_DIR)/Glowly.app/$(BUNDLE_EXECUTABLE_FOLDER_PATH)/Glowly";
			};
			name = Release;
		};
		5FBAF3292E8E4C060022C5DC /* Debug */ = {
			isa = XCBuildConfiguration;
			buildSettings = {
				CODE_SIGN_STYLE = Automatic;
				CURRENT_PROJECT_VERSION = 1;
				DEVELOPMENT_TEAM = 9DBY2CT4GF;
				GENERATE_INFOPLIST_FILE = YES;
				MARKETING_VERSION = 1.0;
				PRODUCT_BUNDLE_IDENTIFIER = "tamirlan-aubakirov.GlowlyUITests";
				PRODUCT_NAME = "$(TARGET_NAME)";
				SWIFT_EMIT_LOC_STRINGS = NO;
				SWIFT_VERSION = 5.0;
				TARGETED_DEVICE_FAMILY = "1,2";
				TEST_TARGET_NAME = Glowly;
			};
			name = Debug;
		};
		5FBAF32A2E8E4C060022C5DC /* Release */ = {
			isa = XCBuildConfiguration;
			buildSettings = {
				CODE_SIGN_STYLE = Automatic;
				CURRENT_PROJECT_VERSION = 1;
				DEVELOPMENT_TEAM = 9DBY2CT4GF;
				GENERATE_INFOPLIST_FILE = YES;
				MARKETING_VERSION = 1.0;
				PRODUCT_BUNDLE_IDENTIFIER = "tamirlan-aubakirov.GlowlyUITests";
				PRODUCT_NAME = "$(TARGET_NAME)";
				SWIFT_EMIT_LOC_STRINGS = NO;
				SWIFT_VERSION = 5.0;
				TARGETED_DEVICE_FAMILY = "1,2";
				TEST_TARGET_NAME = Glowly;
			};
			name = Release;
		};
/* End XCBuildConfiguration section */

/* Begin XCConfigurationList section */
		5FBAF2F92E8E4C040022C5DC /* Build configuration list for PBXProject "Glowly" */ = {
			isa = XCConfigurationList;
			buildConfigurations = (
				5FBAF3202E8E4C060022C5DC /* Debug */,
				5FBAF3212E8E4C060022C5DC /* Release */,
			);
			defaultConfigurationIsVisible = 0;
			defaultConfigurationName = Release;
		};
		5FBAF3222E8E4C060022C5DC /* Build configuration list for PBXNativeTarget "Glowly" */ = {
			isa = XCConfigurationList;
			buildConfigurations = (
				5FBAF3232E8E4C060022C5DC /* Debug */,
				5FBAF3242E8E4C060022C5DC /* Release */,
			);
			defaultConfigurationIsVisible = 0;
			defaultConfigurationName = Release;
		};
		5FBAF3252E8E4C060022C5DC /* Build configuration list for PBXNativeTarget "GlowlyTests" */ = {
			isa = XCConfigurationList;
			buildConfigurations = (
				5FBAF3262E8E4C060022C5DC /* Debug */,
				5FBAF3272E8E4C060022C5DC /* Release */,
			);
			defaultConfigurationIsVisible = 0;
			defaultConfigurationName = Release;
		};
		5FBAF3282E8E4C060022C5DC /* Build configuration list for PBXNativeTarget "GlowlyUITests" */ = {
			isa = XCConfigurationList;
			buildConfigurations = (
				5FBAF3292E8E4C060022C5DC /* Debug */,
				5FBAF32A2E8E4C060022C5DC /* Release */,
			);
			defaultConfigurationIsVisible = 0;
			defaultConfigurationName = Release;
		};
/* End XCConfigurationList section */
	};
	rootObject = 5FBAF2F62E8E4C040022C5DC /* Project object */;
}
